
Microsoft Visual Studio Solution File, Format Version 12.00
# Visual Studio 14
VisualStudioVersion = 14.0.25123.0
MinimumVisualStudioVersion = 10.0.40219.1
Project("{FAE04EC0-301F-11D3-BF4B-00C04F79EFBC}") = "RandomNumberGeneration", "RandomNumberGeneration\RandomNumberGeneration.csproj", "{19EDDC8E-2F86-4321-80C6-5A135360EA24}"
EndProject
Project("{FAE04EC0-301F-11D3-BF4B-00C04F79EFBC}") = "RandomNumberGenerators", "BlumBlumShub\RandomNumberGenerators.csproj", "{2CDE883E-D5C8-431A-8784-5FCEA8C3149B}"
EndProject
Global
	GlobalSection(SolutionConfigurationPlatforms) = preSolution
		Debug|Any CPU = Debug|Any CPU
		Release|Any CPU = Release|Any CPU
	EndGlobalSection
	GlobalSection(ProjectConfigurationPlatforms) = postSolution
		{19EDDC8E-2F86-4321-80C6-5A135360EA24}.Debug|Any CPU.ActiveCfg = Debug|Any CPU
		{19EDDC8E-2F86-4321-80C6-5A135360EA24}.Debug|Any CPU.Build.0 = Debug|Any CPU
		{19EDDC8E-2F86-4321-80C6-5A135360EA24}.Release|Any CPU.ActiveCfg = Release|Any CPU
		{19EDDC8E-2F86-4321-80C6-5A135360EA24}.Release|Any CPU.Build.0 = Release|Any CPU
		{2CDE883E-D5C8-431A-8784-5FCEA8C3149B}.Debug|Any CPU.ActiveCfg = Debug|Any CPU
		{2CDE883E-D5C8-431A-8784-5FCEA8C3149B}.Debug|Any CPU.Build.0 = Debug|Any CPU
		{2CDE883E-D5C8-431A-8784-5FCEA8C3149B}.Release|Any CPU.ActiveCfg = Release|Any CPU
		{2CDE883E-D5C8-431A-8784-5FCEA8C3149B}.Release|Any CPU.Build.0 = Release|Any CPU
	EndGlobalSection
	GlobalSection(SolutionProperties) = preSolution
		HideSolutionNode = FALSE
	EndGlobalSection
EndGlobal
